version = 1
revision = 3
requires-python = ">=3.10"

[[package]]
name = "costex"
version = "0.1.0"
source = { editable = "." }
dependencies = [
    { name = "gmpy2" },
]

[package.metadata]
requires-dist = [{ name = "gmpy2", specifier = ">=2.2" }]

[[package]]
name = "gmpy2"
version = "2.3.1"
source = { registry = "https://pypi.org/simple" }
sdist = { url = "https://files.pythonhosted.org/packages/03/47/5c59682cd4d94291382f447dbe1f6229c8b8a144aa85d32d38ecaf8cfb73/gmpy2-2.3.1.tar.gz", hash = "sha256:313f35e9fe6b9ddf72759b14dac25166fe5757c970403e4bbf87a70ab2be07df", size = 301480, upload-time = "2026-06-24T01:22:25.311Z" }
wheels = [
    { url = "https://files.pythonhosted.org/packages/09/6b/6b4450013280b00dad34d8aca63d6bb2db441c7ea0eb6636a2ef58fb0bd3/gmpy2-2.3.1-cp310-cp310-macosx_10_9_x86_64.whl", hash = "sha256:c7591d074879588430a774bdcb7eff1ef834d433a993c182a9c195b96d4a7eee", size = 863768, upload-time = "2026-06-24T01:20:25.299Z" },
    { url = "https://files.pythonhosted.org/packages/4e/3e/27fdb9e2e52ddc6bedcb27e1c18c02bbeb085dcc0cf2fe813b23553eb21e/gmpy2-2.3.1-cp310-cp310-macosx_11_0_arm64.whl", hash = "sha256:7cd0431d0a56e7dedad6bc2521913aa401bab7ebde4cc4e079243d2414f2be35", size = 713959, upload-time = "2026-06-24T01:20:27.116Z" },
    { url = "https://files.pythonhosted.org/packages/31/d2/ef5f460e07715b747abfd3bd83447581b035c431b1d3ea7bde1ad6ba3c18/gmpy2-2.3.1-cp310-cp310-manylinux2014_aarch64.manylinux_2_17_aarch64.manylinux_2_28_aarch64.whl", hash = "sha256:13f8d4fa3c678f60ab001514bf9a9a207487e1e62228d1985c58d26e5e0c1973", size = 1649278, upload-time = "2026-06-24T01:20:28.547Z" },
    { url = "https://files.pythonhosted.org/packages/c3/32/02ea0fa4955856258e8400ad4ea4d0229c984cfc96ff5bf26d2a00a29df5/gmpy2-2.3.1-cp310-cp310-manylinux2014_x86_64.manylinux_2_17_x86_64.manylinux_2_28_x86_64.whl", hash = "sha256:44315a9f64f77fe097619e73440e631ac79fe464211684b4473edc8cb573997e", size = 1751421, upload-time = "2026-06-24T01:20:30.135Z" },
    { url = "https://files.pythonhosted.org/packages/86/74/f05b26284a54b79f1fae2ab2dc6b5739d46d9d8e66ed145badd21b29c2be/gmpy2-2.3.1-cp310-cp310-musllinux_1_2_aarch64.whl", hash = "sha256:0e8f48ab7407ef635ee81176f5807b60eb39c0c2bab589893f34883aede0c1c3", size = 1670931, upload-time = "2026-06-24T01:20:31.431Z" },
    { url = "https://files.pythonhosted.org/packages/c7/65/a1c23d7969cfd771ef6b6c8a166952c3bbc9f170128d47deca7352e02f5b/gmpy2-2.3.1-cp310-cp310-musllinux_1_2_x86_64.whl", hash = "sha256:c81692a0c36527a4bf379cc6d8c4d2cdf71a8d6305734c06c891b7d7ac15b133", size = 1708115, upload-time = "2026-06-24T01:20:33.09Z" },
    { url = "https://files.pythonhosted.org/packages/ce/18/fad59b77f8c65221345fb0e434464183e34ae901dd572a75d6e58de519e3/gmpy2-2.3.1-cp310-cp310-win_amd64.whl", hash = "sha256:7ba83f1fecee41630d10b276f7213261dcb6dcc2f123ce83aaca16bfc760e84f", size = 1239820, upload-time = "2026-06-24T01:20:34.322Z" },
    { url = "https://files.pythonhosted.org/packages/9e/25/50beaa95ac2eb4c0c606937a495fcf14b37f806a1811eea981e61ba6105d/gmpy2-2.3.1-cp310-cp310-win_arm64.whl", hash = "sha256:9ef8e7fd3d4ba06a83c22f03cf430182adb4f1467af3e370706c97358263eebe", size = 858644, upload-time = "2026-06-24T01:20:36.04Z" },
    { url = "https://files.pythonhosted.org/packages/e1/e5/02f64142dcdf27de94d281daf6c30df62e48aa386a6ffb112ec641de95c1/gmpy2-2.3.1-cp311-cp311-macosx_10_9_x86_64.whl", hash = "sha256:48ead9abf937929eeeab5562c98e2feaba23fe6fe342346feb19938a83b14985", size = 863758, upload-time = "2026-06-24T01:20:37.376Z" },
    { url = "https://files.pythonhosted.org/packages/43/71/aad6d099fced2b4e35b777e10031191dca4212a98873e59ca275dce2293f/gmpy2-2.3.1-cp311-cp311-macosx_11_0_arm64.whl", hash = "sha256:63c867ad5bf43486dc4d7e4b6bafb04bd2b50bce400130f4c49fa4bf4325076e", size = 713934, upload-time = "2026-06-24T01:20:38.767Z" },
    { url = "https://files.pythonhosted.org/packages/b4/06/234d470980840c24c9d8a0a7a4e369a591fa482b1f58c1f04a5df9bf90b4/gmpy2-2.3.1-cp311-cp311-manylinux2014_aarch64.manylinux_2_17_aarch64.manylinux_2_28_aarch64.whl", hash = "sha256:3dadd6567b4873bfc55368cc0ad4ff205595cf78af762ba843febf62cb999da3", size = 1681486, upload-time = "2026-06-24T01:20:40.213Z" },
    { url = "https://files.pythonhosted.org/packages/8d/58/347010947d9c1fb08db431512eabc95f087d73a1c51c0160cd2dab52d7c0/gmpy2-2.3.1-cp311-cp311-manylinux2014_x86_64.manylinux_2_17_x86_64.manylinux_2_28_x86_64.whl", hash = "sha256:beb43dfb4b28e541343400115f009b57d44b29fdf4c0b0435d6d3674ae52c098", size = 1781716, upload-time = "2026-06-24T01:20:41.926Z" },
    { url = "https://files.pythonhosted.org/packages/09/8f/ea664b29c51a7287753f3f5d93d1beb881fc547020af809b7e90fc8392b2/gmpy2-2.3.1-cp311-cp311-musllinux_1_2_aarch64.whl", hash = "sha256:1b541a39999dc59ca654edb072ede3fd9be7decd3cbba24d5b0250a01fc59371", size = 1698949, upload-time = "2026-06-24T01:20:43.377Z" },
    { url = "https://files.pythonhosted.org/packages/d4/9f/0b61f0157ac0810264d24fa18ef2e47cca0c94389a55bf861f1c5383f955/gmpy2-2.3.1-cp311-cp311-musllinux_1_2_x86_64.whl", hash = "sha256:23eacccb2442dbadb6b5564dc0e6cf6b4f86c156fb1ea1fcba4da6a0169d03dc", size = 1736776, upload-time = "2026-06-24T01:20:44.9Z" },
    { url = "https://files.pythonhosted.org/packages/26/d5/316e8396fce0c21e743d257919dc4fa5b291aab4a897f51251718b44bdc6/gmpy2-2.3.1-cp311-cp311-win_amd64.whl", hash = "sha256:495f684d1ccb671f014a352f28b3ba77b9dbddf5ede5828a8f4508f32b35f2bc", size = 1239840, upload-time = "2026-06-24T01:20:46.592Z" },
    { url = "https://files.pythonhosted.org/packages/2d/8d/24db27b5fdc576363d5231f5d49cb6ea1b898e5770f9ab81834fea6ed792/gmpy2-2.3.1-cp311-cp311-win_arm64.whl", hash = "sha256:f6a9779510a4571f852e90c1141145afcf4c9ffb1a25cb487710c14050b434c7", size = 858810, upload-time = "2026-06-24T01:20:48.636Z" },
    { url = "https://files.pythonhosted.org/packages/f2/36/53c2495f4048a10e41e4f54996d14e89f1303185964b377ec8f321e0850c/gmpy2-2.3.1-cp312-cp312-macosx_10_13_x86_64.whl", hash = "sha256:0808da8c24271b554e27ca1c4ca73ee33fbca367a9dba455630fdead70eb96dc", size = 862710, upload-time = "2026-06-24T01:20:50.265Z" },
    { url = "https://files.pythonhosted.org/packages/58/47/822b12657dcde8414b06eda8cac8cd2e40caefe673594f9c763dbd4dbe60/gmpy2-2.3.1-cp312-cp312-macosx_11_0_arm64.whl", hash = "sha256:04048f0ac0bf529f15980d17d566495536a0a1adfc31f4dc622973c58009dac3", size = 714241, upload-time = "2026-06-24T01:20:51.719Z" },
    { url = "https://files.pythonhosted.org/packages/f6/65/a3caa63f1b4a55263d182bd64308f94a66cfa0b1907f65738647036d0b4b/gmpy2-2.3.1-cp312-cp312-manylinux2014_aarch64.manylinux_2_17_aarch64.manylinux_2_28_aarch64.whl", hash = "sha256:32dbf42716d1773c9a7d760957f6dfe6ea13646119fba6bc5cb7445d86de9974", size = 1671944, upload-time = "2026-06-24T01:20:53.13Z" },
    { url = "https://files.pythonhosted.org/packages/e1/10/85f4057c13f8bb04daa44b88b1d9adee109791ad69b98135f8a07e65036d/gmpy2-2.3.1-cp312-cp312-manylinux2014_x86_64.manylinux_2_17_x86_64.manylinux_2_28_x86_64.whl", hash = "sha256:9e9cc3703df3bf740f87744cd9816c3bb65da68a605d31d38173c38414dfb516", size = 1777122, upload-time = "2026-06-24T01:20:54.714Z" },
    { url = "https://files.pythonhosted.org/packages/80/b3/f3c8b0f45a1644b72808a9531f2c45de5da9f0772c650f0fd925a328a3e1/gmpy2-2.3.1-cp312-cp312-musllinux_1_2_aarch64.whl", hash = "sha256:5fd224e299e3cbc83712b96546893ef5a6d8df3c5f2dcdd9086b0b63048edfc5", size = 1691806, upload-time = "2026-06-24T01:20:56.314Z" },
    { url = "https://files.pythonhosted.org/packages/79/9a/f9b2ec2c4bbd39a8d93913bb99aea697c77a839bf7a427fa23ddfb46c071/gmpy2-2.3.1-cp312-cp312-musllinux_1_2_x86_64.whl", hash = "sha256:6eb0859c9202c97c50883997974edd4fa67860d11796a1774187e29c64c2965a", size = 1728074, upload-time = "2026-06-24T01:20:57.912Z" },
    { url = "https://files.pythonhosted.org/packages/d5/f1/2f330676b7bd369cc7a84e14a229484726151f8548d9007552fee7bef842/gmpy2-2.3.1-cp312-cp312-win_amd64.whl", hash = "sha256:4aaeecabcc01aaa5a6ccc96971b967d5e2f9872021e6c4965d068909c620c830", size = 1241009, upload-time = "2026-06-24T01:20:59.394Z" },
    { url = "https://files.pythonhosted.org/packages/5e/76/9f2d4bd468cb6ee51bdf3799a046ea73a1994104750aca2a3c2443827e53/gmpy2-2.3.1-cp312-cp312-win_arm64.whl", hash = "sha256:381c053f30a6a755832a5a016a4536bc96a075870d6af4980b0328f9b9d62aeb", size = 859865, upload-time = "2026-06-24T01:21:00.729Z" },
    { url = "https://files.pythonhosted.org/packages/19/88/d720c775cf87ff0ffd5d687e2cc01c3300304a826f4e3e46e98ba64c3818/gmpy2-2.3.1-cp313-cp313-macosx_10_13_x86_64.whl", hash = "sha256:376595b3ba348d2b0ca0fbd21e9d13b2fd4534200f8c46e351bafa3398485a79", size = 863541, upload-time = "2026-06-24T01:21:02.048Z" },
    { url = "https://files.pythonhosted.org/packages/b5/2e/8d517effa82efb5c556fde2dcbf13e2b22a65abf46e123bad81c84d85d18/gmpy2-2.3.1-cp313-cp313-macosx_11_0_arm64.whl", hash = "sha256:5a3e9ff8f6465cab78f275117c45fef2fc50fbba5ab228dcfd6676907fe200cb", size = 715133, upload-time = "2026-06-24T01:21:03.203Z" },
    { url = "https://files.pythonhosted.org/packages/dc/d0/a9569be44a065eaf02f9e0fb213413265f6ece23c6107fc2391fe53c4bef/gmpy2-2.3.1-cp313-cp313-manylinux2014_aarch64.manylinux_2_17_aarch64.manylinux_2_28_aarch64.whl", hash = "sha256:b4e14b32adf4a69e7755833ac795ae70b5932a50d75d2106f1cbaadf80fb642c", size = 1671797, upload-time = "2026-06-24T01:21:04.91Z" },
    { url = "https://files.pythonhosted.org/packages/05/66/ff3302a71c37f28826f97e0ceb21ba16f9134d66e3125581dabd9922c2c6/gmpy2-2.3.1-cp313-cp313-manylinux2014_x86_64.manylinux_2_17_x86_64.manylinux_2_28_x86_64.whl", hash = "sha256:32e599e078234fd6d0e59c3ae7e6f78fe033394b69018a1b80c5c7d57a3c057e", size = 1775979, upload-time = "2026-06-24T01:21:06.906Z" },
    { url = "https://files.pythonhosted.org/packages/f2/20/32f9f9cbabf6bfd548ca37c6e88074bb073885e4caeb71631bfdd7de0bb8/gmpy2-2.3.1-cp313-cp313-musllinux_1_2_aarch64.whl", hash = "sha256:2a12d33c133efc7157a9afd3f357ddfd33077062c91c7bf186bf2d6de0d8562b", size = 1692170, upload-time = "2026-06-24T01:21:08.21Z" },
    { url = "https://files.pythonhosted.org/packages/66/fb/19d0f228accd79e1a569fa4b833e89e29d2fac798dfe5049e954ca75ecc7/gmpy2-2.3.1-cp313-cp313-musllinux_1_2_x86_64.whl", hash = "sha256:8577b05584bb1653fac44b1f07f958089bcaab2e54a8c3cc2979c066042f6fc8", size = 1728891, upload-time = "2026-06-24T01:21:10.627Z" },
    { url = "https://files.pythonhosted.org/packages/93/dc/859b031f21cb05b39ad1543003276b760da11407e21d33043937cf1e0082/gmpy2-2.3.1-cp313-cp313-win_amd64.whl", hash = "sha256:4e1496e1a40c87dccb13163bebb265fdb7d0579726f197d59a93b94441e4e509", size = 1241014, upload-time = "2026-06-24T01:21:12.143Z" },
    { url = "https://files.pythonhosted.org/packages/40/02/deceb6421ff63694e21c170a9a8dbbcf78e17b593364a41e043d13a40e7c/gmpy2-2.3.1-cp313-cp313-win_arm64.whl", hash = "sha256:9caae7f55b34bfefe88d5d0f287fb95eb72ec78172bcbeee9e194e327885cd5b", size = 859982, upload-time = "2026-06-24T01:21:14.175Z" },
    { url = "https://files.pythonhosted.org/packages/32/69/086ce067fb08c938549431468ab8d6602040e6acafefe80ed314a38bcd79/gmpy2-2.3.1-cp314-cp314-macosx_10_15_x86_64.whl", hash = "sha256:93fabff8f2aeea38555fe298cdeab6dde87082d2a189dc919117cbaa99d67a13", size = 863614, upload-time = "2026-06-24T01:21:15.554Z" },
    { url = "https://files.pythonhosted.org/packages/25/d7/d2076a1c374c987e7fbeb633dc7649dd42a017ce215b0f8696899261300b/gmpy2-2.3.1-cp314-cp314-macosx_11_0_arm64.whl", hash = "sha256:f4b7d3f828567b3a42b518f0a1694d8acf947996660c48428e97b0d7b11db709", size = 715401, upload-time = "2026-06-24T01:21:16.823Z" },
    { url = "https://files.pythonhosted.org/packages/1c/00/5de86258fe6e395f1d10040956a7eab376a4f5d906130c3adb69297b6d43/gmpy2-2.3.1-cp314-cp314-manylinux2014_aarch64.manylinux_2_17_aarch64.manylinux_2_28_aarch64.whl", hash = "sha256:29e3ca03037a7674007eda851b87564c7de0fef07402513e99f6919fbd200a6e", size = 1669752, upload-time = "2026-06-24T01:21:18.582Z" },
    { url = "https://files.pythonhosted.org/packages/76/6c/06c868cb552637a796e4a583c025c63c10efd1c1192a5101bd97312a5756/gmpy2-2.3.1-cp314-cp314-manylinux2014_x86_64.manylinux_2_17_x86_64.manylinux_2_28_x86_64.whl", hash = "sha256:8749196c8bcd51612d989f5e509ea77d5c97c40b57eda9a863938facbe2b9eab", size = 1771047, upload-time = "2026-06-24T01:21:20.185Z" },
    { url = "https://files.pythonhosted.org/packages/3a/a1/70c78e233d200cba7d334df242be173ce2d580814e17d73ef4038c2e78e0/gmpy2-2.3.1-cp314-cp314-musllinux_1_2_aarch64.whl", hash = "sha256:9d76d62233e09ccfe2c492df3368ef19e7b7a62d3172a8f78c96d37f8f646b91", size = 1688897, upload-time = "2026-06-24T01:21:21.765Z" },
    { url = "https://files.pythonhosted.org/packages/5e/b9/2abbd468edaf56092c685a587a72628fc233c179b3f415012cc78849cfe7/gmpy2-2.3.1-cp314-cp314-musllinux_1_2_x86_64.whl", hash = "sha256:2f986ef8612ef47f3f8dc308d957d49082400bc986e40e288a00556ef9f0c06c", size = 1724989, upload-time = "2026-06-24T01:21:23.349Z" },
    { url = "https://files.pythonhosted.org/packages/b3/9e/c8266086242421b065308c29faef73f62af8c5ee67a3d713399c35571bf4/gmpy2-2.3.1-cp314-cp314-win_amd64.whl", hash = "sha256:dcf0c32b50f859736ef4c4ba0b36132899e175cce666958e96b93cb43cd241df", size = 1267361, upload-time = "2026-06-24T01:21:24.774Z" },
    { url = "https://files.pythonhosted.org/packages/8f/b1/08e2447d2970766ecc3f453472aabf2ea3365edd7df0b62eb876a83592a6/gmpy2-2.3.1-cp314-cp314-win_arm64.whl", hash = "sha256:ed0c6ca01e879451df5120b15e24f0d4430652d1e8b867b86b62f8ee7b4e3ebd", size = 882294, upload-time = "2026-06-24T01:21:26.288Z" },
    { url = "https://files.pythonhosted.org/packages/68/cb/c921c4e593fb729aafbcd6cb8a2bcfb862866ccd7a4adce8fc207916940b/gmpy2-2.3.1-cp314-cp314t-macosx_10_15_x86_64.whl", hash = "sha256:23a702ef9b84a4c072ae8fea9a713779efd3562cc7c62f7ef2a4e4f7f5648d24", size = 878199, upload-time = "2026-06-24T01:21:27.696Z" },
    { url = "https://files.pythonhosted.org/packages/ca/0b/19c8ca31dadae65eb733b2c054ef2e45cb4aa3f35a3259cb6d8d86a93578/gmpy2-2.3.1-cp314-cp314t-macosx_11_0_arm64.whl", hash = "sha256:4199127acf096281bac79f78c492211a71b1290a7b32d2e0de271b1c98bb3dea", size = 729417, upload-time = "2026-06-24T01:21:29.338Z" },
    { url = "https://files.pythonhosted.org/packages/bf/c4/6d653248177243c0b09b5922142854020e27879533671ca9f3821b481cf5/gmpy2-2.3.1-cp314-cp314t-manylinux2014_aarch64.manylinux_2_17_aarch64.manylinux_2_28_aarch64.whl", hash = "sha256:5c843c21ef78e96f3519fcd925bd3ff444c4cd3d3911b4282c53870298afb8c2", size = 1592770, upload-time = "2026-06-24T01:21:30.932Z" },
    { url = "https://files.pythonhosted.org/packages/5e/5c/d18460f4e0d644215cfd38648f3d7cde02b952f3daf6b8f1419d4af77d9e/gmpy2-2.3.1-cp314-cp314t-manylinux2014_x86_64.manylinux_2_17_x86_64.manylinux_2_28_x86_64.whl", hash = "sha256:a5f8c80813d370584ba00dbeb917262d4ec2192dcacb2c0774cf3f33a94c5565", size = 1688895, upload-time = "2026-06-24T01:21:32.687Z" },
    { url = "https://files.pythonhosted.org/packages/5e/57/e15d6524226e272d3357142d37f90ce456fcee95e60e090b7a692b82d48f/gmpy2-2.3.1-cp314-cp314t-musllinux_1_2_aarch64.whl", hash = "sha256:2627879f06b156f3421a5775bfc8ea9323388181ab6b8f2447f8dbcc151f5c33", size = 1606979, upload-time = "2026-06-24T01:21:34.27Z" },
    { url = "https://files.pythonhosted.org/packages/ad/a1/47be4bcbda465858fe5453bb97fb882ddea9474942f5fbd473d0bbcb0a9a/gmpy2-2.3.1-cp314-cp314t-musllinux_1_2_x86_64.whl", hash = "sha256:6935a76caed64ab4f55c4177d4a20b559fe5fcae08db5313f7cd7ee62e0ab2be", size = 1648165, upload-time = "2026-06-24T01:21:35.827Z" },
    { url = "https://files.pythonhosted.org/packages/e2/15/2325c19fb2043be68a8a4a8d66d392bf739c6fff78b1157d081d21cbad7a/gmpy2-2.3.1-cp314-cp314t-win_amd64.whl", hash = "sha256:db6a7f0951f6024764f493192cb53410890412d8d47fa7028983f2cbec1eb4dc", size = 1297962, upload-time = "2026-06-24T01:21:37.824Z" },
    { url = "https://files.pythonhosted.org/packages/ef/e4/69f8f0161a5c39140be56ed9cc204be8c1d4a599d32bded241b5062bd51b/gmpy2-2.3.1-cp314-cp314t-win_arm64.whl", hash = "sha256:b3859613f34e608eab7108665552c8b1b4aa88fbfd4bc0b8c98e79fa8d83e561", size = 886292, upload-time = "2026-06-24T01:21:39.35Z" },
    { url = "https://files.pythonhosted.org/packages/e0/e6/cc90365c544b296d015d93a8ef6cd501b760a83f88f8103079239273b10e/gmpy2-2.3.1-cp315-cp315-macosx_10_15_x86_64.whl", hash = "sha256:40a7db7529d382a98fbbb43477029157c03b51e182a5f823be4a0f8b173ac438", size = 863620, upload-time = "2026-06-24T01:21:40.7Z" },
    { url = "https://files.pythonhosted.org/packages/10/b6/095269b518cb1b65c4345e0fcf4d5f6631287053d3cf02349f9fc8e9da4d/gmpy2-2.3.1-cp315-cp315-macosx_11_0_arm64.whl", hash = "sha256:0464c1ef5e39f457bc959819f4e178d5a38ca3ec7eb00a81d536ac5463038b0f", size = 715407, upload-time = "2026-06-24T01:21:42.001Z" },
    { url = "https://files.pythonhosted.org/packages/bf/27/d0728ed86697c49b70ad4f8eace02f33de6a1d57adb8c6562ba67475b99a/gmpy2-2.3.1-cp315-cp315-manylinux2014_aarch64.manylinux_2_17_aarch64.manylinux_2_28_aarch64.whl", hash = "sha256:d8a80f81db02764f698bdea1477a023ad95f57fc9b8694a02afad44cafca1917", size = 1671090, upload-time = "2026-06-24T01:21:43.488Z" },
    { url = "https://files.pythonhosted.org/packages/5e/87/cea5a944b5802fedb649345db9b37a3ef7a51e729bdec4459943af86189d/gmpy2-2.3.1-cp315-cp315-manylinux2014_x86_64.manylinux_2_17_x86_64.manylinux_2_28_x86_64.whl", hash = "sha256:c480a0ab05cf6f02ac7a49470a2310b8b6923c714a64dce2c611a056e66d5e47", size = 1772054, upload-time = "2026-06-24T01:21:45.088Z" },
    { url = "https://files.pythonhosted.org/packages/b2/42/ad53c6cef509a12b00fe5b8f6c99c3e7d238b073adaadb859a53ce48e5a9/gmpy2-2.3.1-cp315-cp315-musllinux_1_2_aarch64.whl", hash = "sha256:41676a965b47323a5c69d390a6c3c8744029b7ef03f05a76c49bf607a612bb5a", size = 1690010, upload-time = "2026-06-24T01:21:46.837Z" },
    { url = "https://files.pythonhosted.org/packages/1e/45/41c463093d17c4dd22f0978526c284e51242ad1154d7219acf54c0d2bc5a/gmpy2-2.3.1-cp315-cp315-musllinux_1_2_x86_64.whl", hash = "sha256:5a9b05327d25a2f4d61f702477f0d47fa936ad82ae29a6a8737be8313c4fb21a", size = 1726408, upload-time = "2026-06-24T01:21:48.379Z" },
    { url = "https://files.pythonhosted.org/packages/94/34/0c55a05cef12c93f33709de67294c04ff9aa80f71c972e8c7ae07b710f17/gmpy2-2.3.1-cp315-cp315-win_amd64.whl", hash = "sha256:573d9742b30a1f45bd50bd52b25dede7b0bc9122b97efe84a13f09e51f689dd9", size = 1267348, upload-time = "2026-06-24T01:21:49.964Z" },
    { url = "https://files.pythonhosted.org/packages/c8/2f/27b79c4bc226d15ab0f58791980c590cf5902a2bf1a0a1be49feb90b246c/gmpy2-2.3.1-cp315-cp315-win_arm64.whl", hash = "sha256:83fe9da759375daa3c97a6d2458a2d84f4dc3a3d39bb15e49fb3785c54d9062a", size = 882275, upload-time = "2026-06-24T01:21:51.502Z" },
    { url = "https://files.pythonhosted.org/packages/41/04/57955ea989e8b8812f6161d23be6d9f3363f5d30409aa30ab244f8d27c08/gmpy2-2.3.1-cp315-cp315t-macosx_10_15_x86_64.whl", hash = "sha256:e6976cf921c7a6fc49e32303bbe37a377827742e2c7c9b7fbda42692381f58ef", size = 878068, upload-time = "2026-06-24T01:21:52.893Z" },
    { url = "https://files.pythonhosted.org/packages/5a/0c/4b10b490ac8d2b6264ea4e6d5de585e7953cbe57e8ba978a7715986bf312/gmpy2-2.3.1-cp315-cp315t-macosx_11_0_arm64.whl", hash = "sha256:50541a8369ec1639dd9a91db8df212b60e3749b6822848349aec031aeaad71d3", size = 729541, upload-time = "2026-06-24T01:21:54.146Z" },
    { url = "https://files.pythonhosted.org/packages/92/1b/1916c856b462b10cc9b003ee685e45dbdcd8944fadfcb3cb3daad13d210a/gmpy2-2.3.1-cp315-cp315t-manylinux2014_aarch64.manylinux_2_17_aarch64.manylinux_2_28_aarch64.whl", hash = "sha256:46dfe8fe9c570796631dda28afcbf1982fb974cfd9b03e344cb0692bcea746b3", size = 1580760, upload-time = "2026-06-24T01:21:55.72Z" },
    { url = "https://files.pythonhosted.org/packages/3e/f1/b666d14e01ab2d4758765e9f5feb178bb5dae8a1c887cc3814784349a94e/gmpy2-2.3.1-cp315-cp315t-manylinux2014_x86_64.manylinux_2_17_x86_64.manylinux_2_28_x86_64.whl", hash = "sha256:e853640df4e745cefe4cac18335fb315633d3372daca353ee4ddfdff5f0517e9", size = 1679492, upload-time = "2026-06-24T01:21:57.336Z" },
    { url = "https://files.pythonhosted.org/packages/2c/4b/a396893585bfd83c1a8aef982883a844fea90c9e985c97946f0fe9a909a0/gmpy2-2.3.1-cp315-cp315t-musllinux_1_2_aarch64.whl", hash = "sha256:f6eeb5576094bac64fadb3dd8d07f8f69cf339830eafdb26d2dfa6b90edb2432", size = 1596700, upload-time = "2026-06-24T01:21:58.867Z" },
    { url = "https://files.pythonhosted.org/packages/5d/aa/5d1b7cdd9aa15096c61624449e1e90eda87724ed5fddf79a582a2afa00a5/gmpy2-2.3.1-cp315-cp315t-musllinux_1_2_x86_64.whl", hash = "sha256:03e3ad5578f34107d4d5b6c2bb44922a046e7ac552cc9f26430d07a04ef031f8", size = 1638253, upload-time = "2026-06-24T01:22:00.348Z" },
    { url = "https://files.pythonhosted.org/packages/8a/13/36a89a54aba74b413e04e1993c22734b29f1021b9315be74c86c3853b3ee/gmpy2-2.3.1-cp315-cp315t-win_amd64.whl", hash = "sha256:1f62ab7409086899852463dce6dfc131ca67830fac2f4e0d6b4cc9b3ff597fa6", size = 1297699, upload-time = "2026-06-24T01:22:02.173Z" },
    { url = "https://files.pythonhosted.org/packages/b8/9e/019bf8fadc59c670b3ee46e8a589e81d36079919aeac91c1ffa310505d23/gmpy2-2.3.1-cp315-cp315t-win_arm64.whl", hash = "sha256:e78a0e2dd489da512cdabcd518b0b7b3075c29efde6ae33375c2ee65362d5363", size = 886310, upload-time = "2026-06-24T01:22:03.47Z" },
    { url = "https://files.pythonhosted.org/packages/67/35/d8312e8ee69a826688b83187b4b6ddf32dadbc29bf83ff4c81581a30535a/gmpy2-2.3.1-pp311-pypy311_pp73-macosx_10_15_x86_64.whl", hash = "sha256:bf92c2e3d3407b1cd860ac5771f4de0971d9f4fb71bddb16af92af4d74e96543", size = 846384, upload-time = "2026-06-24T01:22:17.348Z" },
    { url = "https://files.pythonhosted.org/packages/1c/09/88acae616fd0a27d9e2559e04e7d362a3eb1668683ac0c23c9e02cfd86fd/gmpy2-2.3.1-pp311-pypy311_pp73-macosx_11_0_arm64.whl", hash = "sha256:c65f6b335bae8b0307deae478dbffd20281908d9b3f4e1dfbfe35e583bd57b0f", size = 696973, upload-time = "2026-06-24T01:22:18.984Z" },
    { url = "https://files.pythonhosted.org/packages/f2/6c/2f0009b5803060e4bc623c8a76f0c26bb2091fdeb7ad1710b4e06e833cde/gmpy2-2.3.1-pp311-pypy311_pp73-manylinux2014_aarch64.manylinux_2_17_aarch64.manylinux_2_28_aarch64.whl", hash = "sha256:c6bafc81bd518a5ddbab253fbfa95db4980baf24b5b96c8b0f81a130e8fe6327", size = 944841, upload-time = "2026-06-24T01:22:20.524Z" },
    { url = "https://files.pythonhosted.org/packages/80/49/2a388e1f8378ba3bddece602704da05a45f91c5ef763495812e43ab8f473/gmpy2-2.3.1-pp311-pypy311_pp73-manylinux2014_x86_64.manylinux_2_17_x86_64.manylinux_2_28_x86_64.whl", hash = "sha256:00de568482f4876e815ec871e1fa2bc10b6b7fd162e82908282f830bebeb1329", size = 1045893, upload-time = "2026-06-24T01:22:21.931Z" },
    { url = "https://files.pythonhosted.org/packages/ee/f3/6a830923191aa3fa79f7e0088e4ad9aaa3d268bed1ad8584d64cd0951250/gmpy2-2.3.1-pp311-pypy311_pp73-win_amd64.whl", hash = "sha256:9bd518d118dbf7221eff8c108c3fe9870f940485ad6769b08e980f74247e9e14", size = 1238813, upload-time = "2026-06-24T01:22:23.551Z" },
]
